
Microsoft Visual Studio Solution File, Format Version 12.00
# Visual Studio Version 17
VisualStudioVersion = 17.0.31903.59
MinimumVisualStudioVersion = 10.0.40219.1
Project("{2150E333-8FDC-42A3-9474-1A3956D46DE8}") = "src", "src", "{827E0CD3-B72D-47B6-A68D-7590B98EB39B}"
EndProject
Project("{FAE04EC0-301F-11D3-BF4B-00C04F79EFBC}") = "Ebee.Cloudflare.R2", "src\Ebee.Cloudflare.R2\Ebee.Cloudflare.R2.csproj", "{756A95C5-1C30-47A3-AC63-9E71B66C05E5}"
EndProject
Project("{2150E333-8FDC-42A3-9474-1A3956D46DE8}") = "tests", "tests", "{0AB3BF05-4346-4AA6-1389-037BE0695223}"
EndProject
Project("{FAE04EC0-301F-11D3-BF4B-00C04F79EFBC}") = "Ebee.Cloudflare.R2.Tests", "tests\Ebee.Cloudflare.R2.Tests\Ebee.Cloudflare.R2.Tests.csproj", "{8419C85A-55C4-4DA7-B5E1-8F2D115D8053}"
EndProject
Project("{2150E333-8FDC-42A3-9474-1A3956D46DE8}") = "Solution Items", "Solution Items", "{8EC462FD-D22E-90A8-E5CE-7E832BA40C5D}"
EndProject
Project("{2150E333-8FDC-42A3-9474-1A3956D46DE8}") = "samples", "samples", "{5D20AA90-6969-D8BD-9DCD-8634F4692FDA}"
EndProject
Project("{FAE04EC0-301F-11D3-BF4B-00C04F79EFBC}") = "Ebee.Cloudflare.R2.Buckets", "samples\Ebee.Cloudflare.R2.Buckets\Ebee.Cloudflare.R2.Buckets.csproj", "{44C6B4F0-0352-40BB-BCC0-6DB832BBFE24}"
EndProject
Project("{FAE04EC0-301F-11D3-BF4B-00C04F79EFBC}") = "Ebee.Cloudflare.R2.Objects", "samples\Ebee.Cloudflare.R2.Objects\Ebee.Cloudflare.R2.Objects.csproj", "{159F307F-7242-4E27-8B7F-D5D33BB37A9D}"
EndProject
Project("{2150E333-8FDC-42A3-9474-1A3956D46DE8}") = "docs", "docs", "{208BA388-4CEE-2CBF-559C-5607C099C1F8}"
	ProjectSection(SolutionItems) = preProject
		docs\buckets.md = docs\buckets.md
		docs\multipartuploads.md = docs\multipartuploads.md
		docs\objects.md = docs\objects.md
		docs\signedurls.md = docs\signedurls.md
	EndProjectSection
EndProject
Project("{FAE04EC0-301F-11D3-BF4B-00C04F79EFBC}") = "Ebee.Cloudflare.R2.SignedUrls", "Ebee.Cloudflare.R2.SignedUrls\Ebee.Cloudflare.R2.SignedUrls.csproj", "{5E9D072D-B672-4DC9-829C-DA82E43DFD9C}"
EndProject
Project("{FAE04EC0-301F-11D3-BF4B-00C04F79EFBC}") = "Ebee.Cloudflare.R2.MultipartUploads", "samples\Ebee.Cloudflare.R2.MultipartUploads\Ebee.Cloudflare.R2.MultipartUploads.csproj", "{A287C99D-F9A2-4556-B309-C30CA39B5BC8}"
EndProject
Global
	GlobalSection(SolutionConfigurationPlatforms) = preSolution
		Debug|Any CPU = Debug|Any CPU
		Debug|x64 = Debug|x64
		Debug|x86 = Debug|x86
		Release|Any CPU = Release|Any CPU
		Release|x64 = Release|x64
		Release|x86 = Release|x86
	EndGlobalSection
	GlobalSection(ProjectConfigurationPlatforms) = postSolution
		{756A95C5-1C30-47A3-AC63-9E71B66C05E5}.Debug|Any CPU.ActiveCfg = Debug|Any CPU
		{756A95C5-1C30-47A3-AC63-9E71B66C05E5}.Debug|Any CPU.Build.0 = Debug|Any CPU
		{756A95C5-1C30-47A3-AC63-9E71B66C05E5}.Debug|x64.ActiveCfg = Debug|Any CPU
		{756A95C5-1C30-47A3-AC63-9E71B66C05E5}.Debug|x64.Build.0 = Debug|Any CPU
		{756A95C5-1C30-47A3-AC63-9E71B66C05E5}.Debug|x86.ActiveCfg = Debug|Any CPU
		{756A95C5-1C30-47A3-AC63-9E71B66C05E5}.Debug|x86.Build.0 = Debug|Any CPU
		{756A95C5-1C30-47A3-AC63-9E71B66C05E5}.Release|Any CPU.ActiveCfg = Release|Any CPU
		{756A95C5-1C30-47A3-AC63-9E71B66C05E5}.Release|Any CPU.Build.0 = Release|Any CPU
		{756A95C5-1C30-47A3-AC63-9E71B66C05E5}.Release|x64.ActiveCfg = Release|Any CPU
		{756A95C5-1C30-47A3-AC63-9E71B66C05E5}.Release|x64.Build.0 = Release|Any CPU
		{756A95C5-1C30-47A3-AC63-9E71B66C05E5}.Release|x86.ActiveCfg = Release|Any CPU
		{756A95C5-1C30-47A3-AC63-9E71B66C05E5}.Release|x86.Build.0 = Release|Any CPU
		{8419C85A-55C4-4DA7-B5E1-8F2D115D8053}.Debug|Any CPU.ActiveCfg = Debug|Any CPU
		{8419C85A-55C4-4DA7-B5E1-8F2D115D8053}.Debug|Any CPU.Build.0 = Debug|Any CPU
		{8419C85A-55C4-4DA7-B5E1-8F2D115D8053}.Debug|x64.ActiveCfg = Debug|Any CPU
		{8419C85A-55C4-4DA7-B5E1-8F2D115D8053}.Debug|x64.Build.0 = Debug|Any CPU
		{8419C85A-55C4-4DA7-B5E1-8F2D115D8053}.Debug|x86.ActiveCfg = Debug|Any CPU
		{8419C85A-55C4-4DA7-B5E1-8F2D115D8053}.Debug|x86.Build.0 = Debug|Any CPU
		{8419C85A-55C4-4DA7-B5E1-8F2D115D8053}.Release|Any CPU.ActiveCfg = Release|Any CPU
		{8419C85A-55C4-4DA7-B5E1-8F2D115D8053}.Release|Any CPU.Build.0 = Release|Any CPU
		{8419C85A-55C4-4DA7-B5E1-8F2D115D8053}.Release|x64.ActiveCfg = Release|Any CPU
		{8419C85A-55C4-4DA7-B5E1-8F2D115D8053}.Release|x64.Build.0 = Release|Any CPU
		{8419C85A-55C4-4DA7-B5E1-8F2D115D8053}.Release|x86.ActiveCfg = Release|Any CPU
		{8419C85A-55C4-4DA7-B5E1-8F2D115D8053}.Release|x86.Build.0 = Release|Any CPU
		{44C6B4F0-0352-40BB-BCC0-6DB832BBFE24}.Debug|Any CPU.ActiveCfg = Debug|Any CPU
		{44C6B4F0-0352-40BB-BCC0-6DB832BBFE24}.Debug|Any CPU.Build.0 = Debug|Any CPU
		{44C6B4F0-0352-40BB-BCC0-6DB832BBFE24}.Debug|x64.ActiveCfg = Debug|Any CPU
		{44C6B4F0-0352-40BB-BCC0-6DB832BBFE24}.Debug|x64.Build.0 = Debug|Any CPU
		{44C6B4F0-0352-40BB-BCC0-6DB832BBFE24}.Debug|x86.ActiveCfg = Debug|Any CPU
		{44C6B4F0-0352-40BB-BCC0-6DB832BBFE24}.Debug|x86.Build.0 = Debug|Any CPU
		{44C6B4F0-0352-40BB-BCC0-6DB832BBFE24}.Release|Any CPU.ActiveCfg = Release|Any CPU
		{44C6B4F0-0352-40BB-BCC0-6DB832BBFE24}.Release|Any CPU.Build.0 = Release|Any CPU
		{44C6B4F0-0352-40BB-BCC0-6DB832BBFE24}.Release|x64.ActiveCfg = Release|Any CPU
		{44C6B4F0-0352-40BB-BCC0-6DB832BBFE24}.Release|x64.Build.0 = Release|Any CPU
		{44C6B4F0-0352-40BB-BCC0-6DB832BBFE24}.Release|x86.ActiveCfg = Release|Any CPU
		{44C6B4F0-0352-40BB-BCC0-6DB832BBFE24}.Release|x86.Build.0 = Release|Any CPU
		{159F307F-7242-4E27-8B7F-D5D33BB37A9D}.Debug|Any CPU.ActiveCfg = Debug|Any CPU
		{159F307F-7242-4E27-8B7F-D5D33BB37A9D}.Debug|Any CPU.Build.0 = Debug|Any CPU
		{159F307F-7242-4E27-8B7F-D5D33BB37A9D}.Debug|x64.ActiveCfg = Debug|Any CPU
		{159F307F-7242-4E27-8B7F-D5D33BB37A9D}.Debug|x64.Build.0 = Debug|Any CPU
		{159F307F-7242-4E27-8B7F-D5D33BB37A9D}.Debug|x86.ActiveCfg = Debug|Any CPU
		{159F307F-7242-4E27-8B7F-D5D33BB37A9D}.Debug|x86.Build.0 = Debug|Any CPU
		{159F307F-7242-4E27-8B7F-D5D33BB37A9D}.Release|Any CPU.ActiveCfg = Release|Any CPU
		{159F307F-7242-4E27-8B7F-D5D33BB37A9D}.Release|Any CPU.Build.0 = Release|Any CPU
		{159F307F-7242-4E27-8B7F-D5D33BB37A9D}.Release|x64.ActiveCfg = Release|Any CPU
		{159F307F-7242-4E27-8B7F-D5D33BB37A9D}.Release|x64.Build.0 = Release|Any CPU
		{159F307F-7242-4E27-8B7F-D5D33BB37A9D}.Release|x86.ActiveCfg = Release|Any CPU
		{159F307F-7242-4E27-8B7F-D5D33BB37A9D}.Release|x86.Build.0 = Release|Any CPU
		{5E9D072D-B672-4DC9-829C-DA82E43DFD9C}.Debug|Any CPU.ActiveCfg = Debug|Any CPU
		{5E9D072D-B672-4DC9-829C-DA82E43DFD9C}.Debug|Any CPU.Build.0 = Debug|Any CPU
		{5E9D072D-B672-4DC9-829C-DA82E43DFD9C}.Debug|x64.ActiveCfg = Debug|Any CPU
		{5E9D072D-B672-4DC9-829C-DA82E43DFD9C}.Debug|x64.Build.0 = Debug|Any CPU
		{5E9D072D-B672-4DC9-829C-DA82E43DFD9C}.Debug|x86.ActiveCfg = Debug|Any CPU
		{5E9D072D-B672-4DC9-829C-DA82E43DFD9C}.Debug|x86.Build.0 = Debug|Any CPU
		{5E9D072D-B672-4DC9-829C-DA82E43DFD9C}.Release|Any CPU.ActiveCfg = Release|Any CPU
		{5E9D072D-B672-4DC9-829C-DA82E43DFD9C}.Release|Any CPU.Build.0 = Release|Any CPU
		{5E9D072D-B672-4DC9-829C-DA82E43DFD9C}.Release|x64.ActiveCfg = Release|Any CPU
		{5E9D072D-B672-4DC9-829C-DA82E43DFD9C}.Release|x64.Build.0 = Release|Any CPU
		{5E9D072D-B672-4DC9-829C-DA82E43DFD9C}.Release|x86.ActiveCfg = Release|Any CPU
		{5E9D072D-B672-4DC9-829C-DA82E43DFD9C}.Release|x86.Build.0 = Release|Any CPU
		{A287C99D-F9A2-4556-B309-C30CA39B5BC8}.Debug|Any CPU.ActiveCfg = Debug|Any CPU
		{A287C99D-F9A2-4556-B309-C30CA39B5BC8}.Debug|Any CPU.Build.0 = Debug|Any CPU
		{A287C99D-F9A2-4556-B309-C30CA39B5BC8}.Debug|x64.ActiveCfg = Debug|Any CPU
		{A287C99D-F9A2-4556-B309-C30CA39B5BC8}.Debug|x64.Build.0 = Debug|Any CPU
		{A287C99D-F9A2-4556-B309-C30CA39B5BC8}.Debug|x86.ActiveCfg = Debug|Any CPU
		{A287C99D-F9A2-4556-B309-C30CA39B5BC8}.Debug|x86.Build.0 = Debug|Any CPU
		{A287C99D-F9A2-4556-B309-C30CA39B5BC8}.Release|Any CPU.ActiveCfg = Release|Any CPU
		{A287C99D-F9A2-4556-B309-C30CA39B5BC8}.Release|Any CPU.Build.0 = Release|Any CPU
		{A287C99D-F9A2-4556-B309-C30CA39B5BC8}.Release|x64.ActiveCfg = Release|Any CPU
		{A287C99D-F9A2-4556-B309-C30CA39B5BC8}.Release|x64.Build.0 = Release|Any CPU
		{A287C99D-F9A2-4556-B309-C30CA39B5BC8}.Release|x86.ActiveCfg = Release|Any CPU
		{A287C99D-F9A2-4556-B309-C30CA39B5BC8}.Release|x86.Build.0 = Release|Any CPU
	EndGlobalSection
	GlobalSection(SolutionProperties) = preSolution
		HideSolutionNode = FALSE
	EndGlobalSection
	GlobalSection(NestedProjects) = preSolution
		{756A95C5-1C30-47A3-AC63-9E71B66C05E5} = {827E0CD3-B72D-47B6-A68D-7590B98EB39B}
		{8419C85A-55C4-4DA7-B5E1-8F2D115D8053} = {0AB3BF05-4346-4AA6-1389-037BE0695223}
		{44C6B4F0-0352-40BB-BCC0-6DB832BBFE24} = {5D20AA90-6969-D8BD-9DCD-8634F4692FDA}
		{159F307F-7242-4E27-8B7F-D5D33BB37A9D} = {5D20AA90-6969-D8BD-9DCD-8634F4692FDA}
		{5E9D072D-B672-4DC9-829C-DA82E43DFD9C} = {5D20AA90-6969-D8BD-9DCD-8634F4692FDA}
		{A287C99D-F9A2-4556-B309-C30CA39B5BC8} = {5D20AA90-6969-D8BD-9DCD-8634F4692FDA}
	EndGlobalSection
	GlobalSection(ExtensibilityGlobals) = postSolution
		SolutionGuid = {CF04DC23-7751-46B8-B211-2D365DBCE0DB}
	EndGlobalSection
EndGlobal
